
Microsoft Visual Studio Solution File, Format Version 12.00
# Visual Studio 2017
Project("{FAE04EC0-301F-11D3-BF4B-00C04F79EFBC}") = "com.unity.postprocessing.Runtime", "com.unity.postprocessing.Runtime.csproj", "{43CE4B77-0ED1-06DF-D6D8-916516C0693A}"
EndProject
Project("{FAE04EC0-301F-11D3-BF4B-00C04F79EFBC}") = "UnityProject", "UnityProject.csproj", "{3926CF29-3B43-7E6B-CD6E-78688E6772C2}"
EndProject
Project("{FAE04EC0-301F-11D3-BF4B-00C04F79EFBC}") = "UnityProject.Plugins", "UnityProject.Plugins.csproj", "{141FA5A1-0270-7FCD-373F-7689DB9914D3}"
EndProject
Project("{FAE04EC0-301F-11D3-BF4B-00C04F79EFBC}") = "UnityProject.Editor", "UnityProject.Editor.csproj", "{DCEF5D7E-307E-A219-AF0B-EED34B158316}"
EndProject
Project("{FAE04EC0-301F-11D3-BF4B-00C04F79EFBC}") = "com.unity.postprocessing.Editor", "com.unity.postprocessing.Editor.csproj", "{8C3967EF-EA5C-CD2A-F191-ADB2A5FEC7D2}"
EndProject
Global
	GlobalSection(SolutionConfigurationPlatforms) = preSolution
		Debug|Any CPU = Debug|Any CPU
		Release|Any CPU = Release|Any CPU
	EndGlobalSection
	GlobalSection(ProjectConfigurationPlatforms) = postSolution
		{43CE4B77-0ED1-06DF-D6D8-916516C0693A}.Debug|Any CPU.ActiveCfg = Debug|Any CPU
		{43CE4B77-0ED1-06DF-D6D8-916516C0693A}.Debug|Any CPU.Build.0 = Debug|Any CPU
		{43CE4B77-0ED1-06DF-D6D8-916516C0693A}.Release|Any CPU.ActiveCfg = Release|Any CPU
		{43CE4B77-0ED1-06DF-D6D8-916516C0693A}.Release|Any CPU.Build.0 = Release|Any CPU
		{3926CF29-3B43-7E6B-CD6E-78688E6772C2}.Debug|Any CPU.ActiveCfg = Debug|Any CPU
		{3926CF29-3B43-7E6B-CD6E-78688E6772C2}.Debug|Any CPU.Build.0 = Debug|Any CPU
		{3926CF29-3B43-7E6B-CD6E-78688E6772C2}.Release|Any CPU.ActiveCfg = Release|Any CPU
		{3926CF29-3B43-7E6B-CD6E-78688E6772C2}.Release|Any CPU.Build.0 = Release|Any CPU
		{141FA5A1-0270-7FCD-373F-7689DB9914D3}.Debug|Any CPU.ActiveCfg = Debug|Any CPU
		{141FA5A1-0270-7FCD-373F-7689DB9914D3}.Debug|Any CPU.Build.0 = Debug|Any CPU
		{141FA5A1-0270-7FCD-373F-7689DB9914D3}.Release|Any CPU.ActiveCfg = Release|Any CPU
		{141FA5A1-0270-7FCD-373F-7689DB9914D3}.Release|Any CPU.Build.0 = Release|Any CPU
		{DCEF5D7E-307E-A219-AF0B-EED34B158316}.Debug|Any CPU.ActiveCfg = Debug|Any CPU
		{DCEF5D7E-307E-A219-AF0B-EED34B158316}.Debug|Any CPU.Build.0 = Debug|Any CPU
		{DCEF5D7E-307E-A219-AF0B-EED34B158316}.Release|Any CPU.ActiveCfg = Release|Any CPU
		{DCEF5D7E-307E-A219-AF0B-EED34B158316}.Release|Any CPU.Build.0 = Release|Any CPU
		{8C3967EF-EA5C-CD2A-F191-ADB2A5FEC7D2}.Debug|Any CPU.ActiveCfg = Debug|Any CPU
		{8C3967EF-EA5C-CD2A-F191-ADB2A5FEC7D2}.Debug|Any CPU.Build.0 = Debug|Any CPU
		{8C3967EF-EA5C-CD2A-F191-ADB2A5FEC7D2}.Release|Any CPU.ActiveCfg = Release|Any CPU
		{8C3967EF-EA5C-CD2A-F191-ADB2A5FEC7D2}.Release|Any CPU.Build.0 = Release|Any CPU
	EndGlobalSection
	GlobalSection(SolutionProperties) = preSolution
		HideSolutionNode = FALSE
	EndGlobalSection
EndGlobal
